
Microsoft Visual Studio Solution File, Format Version 12.00
# Visual Studio Version 17
VisualStudioVersion = 17.5.33424.131
MinimumVisualStudioVersion = 10.0.40219.1
Project("{9A19103F-16F7-4668-BE54-9A1E7A4F7556}") = "ApiCatalago", "ApiCatalago\ApiCatalago.csproj", "{E8343283-F3F6-4184-B118-76DE0554AE3D}"
EndProject
Global
	GlobalSection(SolutionConfigurationPlatforms) = preSolution
		Debug|Any CPU = Debug|Any CPU
		Release|Any CPU = Release|Any CPU
	EndGlobalSection
	GlobalSection(ProjectConfigurationPlatforms) = postSolution
		{E8343283-F3F6-4184-B118-76DE0554AE3D}.Debug|Any CPU.ActiveCfg = Debug|Any CPU
		{E8343283-F3F6-4184-B118-76DE0554AE3D}.Debug|Any CPU.Build.0 = Debug|Any CPU
		{E8343283-F3F6-4184-B118-76DE0554AE3D}.Release|Any CPU.ActiveCfg = Release|Any CPU
		{E8343283-F3F6-4184-B118-76DE0554AE3D}.Release|Any CPU.Build.0 = Release|Any CPU
	EndGlobalSection
	GlobalSection(SolutionProperties) = preSolution
		HideSolutionNode = FALSE
	EndGlobalSection
	GlobalSection(ExtensibilityGlobals) = postSolution
		SolutionGuid = {A1EE4A42-65F8-49FB-9388-56D00F6B66AE}
	EndGlobalSection
EndGlobal
